// !$*UTF8*$!
{
	archiveVersion = 1;
	classes = {
	};
	objectVersion = 50;
	objects = {

/* Begin PBXBuildFile section */
		D99961382333B7E90070E494 /* AppDelegate.swift in Sources */ = {isa = PBXBuildFile; fileRef = D99961372333B7E90070E494 /* AppDelegate.swift */; };
		D999613A2333B7E90070E494 /* ViewController.swift in Sources */ = {isa = PBXBuildFile; fileRef = D99961392333B7E90070E494 /* ViewController.swift */; };
		D999613D2333B7E90070E494 /* Main.storyboard in Resources */ = {isa = PBXBuildFile; fileRef = D999613B2333B7E90070E494 /* Main.storyboard */; };
		D999613F2333B7EA0070E494 /* Assets.xcassets in Resources */ = {isa = PBXBuildFile; fileRef = D999613E2333B7EA0070E494 /* Assets.xcassets */; };
		D99961422333B7EA0070E494 /* LaunchScreen.storyboard in Resources */ = {isa = PBXBuildFile; fileRef = D99961402333B7EA0070E494 /* LaunchScreen.storyboard */; };
		D999614A2333C7840070E494 /* Pods_SwiftLint_Example.framework in Frameworks */ = {isa = PBXBuildFile; fileRef = C954C985EEB07131299091EF /* Pods_SwiftLint_Example.framework */; };
		D999614B2333C7840070E494 /* Pods_SwiftLint_Example.framework in Embed Frameworks */ = {isa = PBXBuildFile; fileRef = C954C985EEB07131299091EF /* Pods_SwiftLint_Example.framework */; settings = {ATTRIBUTES = (CodeSignOnCopy, RemoveHeadersOnCopy, ); }; };
		F28255BE3CE1B093F59F6F51 /* Pods_SwiftLint_Example.framework in Frameworks */ = {isa = PBXBuildFile; fileRef = C954C985EEB07131299091EF /* Pods_SwiftLint_Example.framework */; };
/* End PBXBuildFile section */

/* Begin PBXCopyFilesBuildPhase section */
		D999614C2333C7840070E494 /* Embed Frameworks */ = {
			isa = PBXCopyFilesBuildPhase;
			buildActionMask = 2147483647;
			dstPath = "";
			dstSubfolderSpec = 10;
			files = (
				D999614B2333C7840070E494 /* Pods_SwiftLint_Example.framework in Embed Frameworks */,
			);
			name = "Embed Frameworks";
			runOnlyForDeploymentPostprocessing = 0;
		};
/* End PBXCopyFilesBuildPhase section */

/* Begin PBXFileReference section */
		30B677EE9B8980A21CB1D789 /* Pods-SwiftLint-Example.debug.xcconfig */ = {isa = PBXFileReference; includeInIndex = 1; lastKnownFileType = text.xcconfig; name = "Pods-SwiftLint-Example.debug.xcconfig"; path = "Target Support Files/Pods-SwiftLint-Example/Pods-SwiftLint-Example.debug.xcconfig"; sourceTree = "<group>"; };
		69F6C95F3A34ADCCB63173F7 /* Pods-SwiftLint-Example.release.xcconfig */ = {isa = PBXFileReference; includeInIndex = 1; lastKnownFileType = text.xcconfig; name = "Pods-SwiftLint-Example.release.xcconfig"; path = "Target Support Files/Pods-SwiftLint-Example/Pods-SwiftLint-Example.release.xcconfig"; sourceTree = "<group>"; };
		C954C985EEB07131299091EF /* Pods_SwiftLint_Example.framework */ = {isa = PBXFileReference; explicitFileType = wrapper.framework; includeInIndex = 0; path = Pods_SwiftLint_Example.framework; sourceTree = BUILT_PRODUCTS_DIR; };
		D99961342333B7E90070E494 /* SwiftLint-Example.app */ = {isa = PBXFileReference; explicitFileType = wrapper.application; includeInIndex = 0; path = "SwiftLint-Example.app"; sourceTree = BUILT_PRODUCTS_DIR; };
		D99961372333B7E90070E494 /* AppDelegate.swift */ = {isa = PBXFileReference; lastKnownFileType = sourcecode.swift; path = AppDelegate.swift; sourceTree = "<group>"; };
		D99961392333B7E90070E494 /* ViewController.swift */ = {isa = PBXFileReference; lastKnownFileType = sourcecode.swift; path = ViewController.swift; sourceTree = "<group>"; };
		D999613C2333B7E90070E494 /* Base */ = {isa = PBXFileReference; lastKnownFileType = file.storyboard; name = Base; path = Base.lproj/Main.storyboard; sourceTree = "<group>"; };
		D999613E2333B7EA0070E494 /* Assets.xcassets */ = {isa = PBXFileReference; lastKnownFileType = folder.assetcatalog; path = Assets.xcassets; sourceTree = "<group>"; };
		D99961412333B7EA0070E494 /* Base */ = {isa = PBXFileReference; lastKnownFileType = file.storyboard; name = Base; path = Base.lproj/LaunchScreen.storyboard; sourceTree = "<group>"; };
		D99961432333B7EA0070E494 /* Info.plist */ = {isa = PBXFileReference; lastKnownFileType = text.plist.xml; path = Info.plist; sourceTree = "<group>"; };
/* End PBXFileReference section */

/* Begin PBXFrameworksBuildPhase section */
		D99961312333B7E90070E494 /* Frameworks */ = {
			isa = PBXFrameworksBuildPhase;
			buildActionMask = 2147483647;
			files = (
				D999614A2333C7840070E494 /* Pods_SwiftLint_Example.framework in Frameworks */,
				F28255BE3CE1B093F59F6F51 /* Pods_SwiftLint_Example.framework in Frameworks */,
			);
			runOnlyForDeploymentPostprocessing = 0;
		};
/* End PBXFrameworksBuildPhase section */

/* Begin PBXGroup section */
		AC8D1B60E8BC44C8F075EF4E /* Frameworks */ = {
			isa = PBXGroup;
			children = (
				C954C985EEB07131299091EF /* Pods_SwiftLint_Example.framework */,
			);
			name = Frameworks;
			sourceTree = "<group>";
		};
		D219B42198230C01EC1B7AE6 /* Pods */ = {
			isa = PBXGroup;
			children = (
				30B677EE9B8980A21CB1D789 /* Pods-SwiftLint-Example.debug.xcconfig */,
				69F6C95F3A34ADCCB63173F7 /* Pods-SwiftLint-Example.release.xcconfig */,
			);
			path = Pods;
			sourceTree = "<group>";
		};
		D999612B2333B7E90070E494 = {
			isa = PBXGroup;
			children = (
				D99961362333B7E90070E494 /* SwiftLint-Example */,
				D99961352333B7E90070E494 /* Products */,
				D219B42198230C01EC1B7AE6 /* Pods */,
				AC8D1B60E8BC44C8F075EF4E /* Frameworks */,
			);
			sourceTree = "<group>";
		};
		D99961352333B7E90070E494 /* Products */ = {
			isa = PBXGroup;
			children = (
				D99961342333B7E90070E494 /* SwiftLint-Example.app */,
			);
			name = Products;
			sourceTree = "<group>";
		};
		D99961362333B7E90070E494 /* SwiftLint-Example */ = {
			isa = PBXGroup;
			children = (
				D99961372333B7E90070E494 /* AppDelegate.swift */,
				D99961392333B7E90070E494 /* ViewController.swift */,
				D999613B2333B7E90070E494 /* Main.storyboard */,
				D999613E2333B7EA0070E494 /* Assets.xcassets */,
				D99961402333B7EA0070E494 /* LaunchScreen.storyboard */,
				D99961432333B7EA0070E494 /* Info.plist */,
			);
			path = "SwiftLint-Example";
			sourceTree = "<group>";
		};
/* End PBXGroup section */

/* Begin PBXNativeTarget section */
		D99961332333B7E90070E494 /* SwiftLint-Example */ = {
			isa = PBXNativeTarget;
			buildConfigurationList = D99961462333B7EA0070E494 /* Build configuration list for PBXNativeTarget "SwiftLint-Example" */;
			buildPhases = (
				74CC07ED9BD92995508D95A9 /* [CP] Check Pods Manifest.lock */,
				D99961302333B7E90070E494 /* Sources */,
				D99961312333B7E90070E494 /* Frameworks */,
				D99961322333B7E90070E494 /* Resources */,
				D99961492333B95C0070E494 /* SwiftLint */,
				D999614C2333C7840070E494 /* Embed Frameworks */,
			);
			buildRules = (
			);
			dependencies = (
			);
			name = "SwiftLint-Example";
			productName = "SwiftLint-Example";
			productReference = D99961342333B7E90070E494 /* SwiftLint-Example.app */;
			productType = "com.apple.product-type.application";
		};
/* End PBXNativeTarget section */

/* Begin PBXProject section */
		D999612C2333B7E90070E494 /* Project object */ = {
			isa = PBXProject;
			attributes = {
				LastSwiftUpdateCheck = 1020;
				LastUpgradeCheck = 1020;
				ORGANIZATIONNAME = "Mustafa GUNES";
				TargetAttributes = {
					D99961332333B7E90070E494 = {
						CreatedOnToolsVersion = 10.2.1;
					};
				};
			};
			buildConfigurationList = D999612F2333B7E90070E494 /* Build configuration list for PBXProject "SwiftLint-Example" */;
			compatibilityVersion = "Xcode 9.3";
			developmentRegion = en;
			hasScannedForEncodings = 0;
			knownRegions = (
				en,
				Base,
			);
			mainGroup = D999612B2333B7E90070E494;
			productRefGroup = D99961352333B7E90070E494 /* Products */;
			projectDirPath = "";
			projectRoot = "";
			targets = (
				D99961332333B7E90070E494 /* SwiftLint-Example */,
			);
		};
/* End PBXProject section */

/* Begin PBXResourcesBuildPhase section */
		D99961322333B7E90070E494 /* Resources */ = {
			isa = PBXResourcesBuildPhase;
			buildActionMask = 2147483647;
			files = (
				D99961422333B7EA0070E494 /* LaunchScreen.storyboard in Resources */,
				D999613F2333B7EA0070E494 /* Assets.xcassets in Resources */,
				D999613D2333B7E90070E494 /* Main.storyboard in Resources */,
			);
			runOnlyForDeploymentPostprocessing = 0;
		};
/* End PBXResourcesBuildPhase section */

/* Begin PBXShellScriptBuildPhase section */
		74CC07ED9BD92995508D95A9 /* [CP] Check Pods Manifest.lock */ = {
			isa = PBXShellScriptBuildPhase;
			buildActionMask = 2147483647;
			files = (
			);
			inputFileListPaths = (
			);
			inputPaths = (
				"${PODS_PODFILE_DIR_PATH}/Podfile.lock",
				"${PODS_ROOT}/Manifest.lock",
			);
			name = "[CP] Check Pods Manifest.lock";
			outputFileListPaths = (
			);
			outputPaths = (
				"$(DERIVED_FILE_DIR)/Pods-SwiftLint-Example-checkManifestLockResult.txt",
			);
			runOnlyForDeploymentPostprocessing = 0;
			shellPath = /bin/sh;
			shellScript = "diff \"${PODS_PODFILE_DIR_PATH}/Podfile.lock\" \"${PODS_ROOT}/Manifest.lock\" > /dev/null\nif [ $? != 0 ] ; then\n    # print error to STDERR\n    echo \"error: The sandbox is not in sync with the Podfile.lock. Run 'pod install' or update your CocoaPods installation.\" >&2\n    exit 1\nfi\n# This output is used by Xcode 'outputs' to avoid re-running this script phase.\necho \"SUCCESS\" > \"${SCRIPT_OUTPUT_FILE_0}\"\n";
			showEnvVarsInLog = 0;
		};
		D99961492333B95C0070E494 /* SwiftLint */ = {
			isa = PBXShellScriptBuildPhase;
			buildActionMask = 2147483647;
			files = (
			);
			inputFileListPaths = (
			);
			inputPaths = (
			);
			name = SwiftLint;
			outputFileListPaths = (
			);
			outputPaths = (
			);
			runOnlyForDeploymentPostprocessing = 0;
			shellPath = /bin/sh;
			shellScript = "if which swiftlint >/dev/null; then\nswiftlint\nelse\necho \"warning: SwiftLint not installed, download from https://github.com/realm/SwiftLint\"\nfi\n";
		};
/* End PBXShellScriptBuildPhase section */

/* Begin PBXSourcesBuildPhase section */
		D99961302333B7E90070E494 /* Sources */ = {
			isa = PBXSourcesBuildPhase;
			buildActionMask = 2147483647;
			files = (
				D999613A2333B7E90070E494 /* ViewController.swift in Sources */,
				D99961382333B7E90070E494 /* AppDelegate.swift in Sources */,
			);
			runOnlyForDeploymentPostprocessing = 0;
		};
/* End PBXSourcesBuildPhase section */

/* Begin PBXVariantGroup section */
		D999613B2333B7E90070E494 /* Main.storyboard */ = {
			isa = PBXVariantGroup;
			children = (
				D999613C2333B7E90070E494 /* Base */,
			);
			name = Main.storyboard;
			sourceTree = "<group>";
		};
		D99961402333B7EA0070E494 /* LaunchScreen.storyboard */ = {
			isa = PBXVariantGroup;
			children = (
				D99961412333B7EA0070E494 /* Base */,
			);
			name = LaunchScreen.storyboard;
			sourceTree = "<group>";
		};
/* End PBXVariantGroup section */

/* Begin XCBuildConfiguration section */
		D99961442333B7EA0070E494 /* Debug */ = {
			isa = XCBuildConfiguration;
			buildSettings = {
				ALWAYS_SEARCH_USER_PATHS = NO;
				CLANG_ANALYZER_NONNULL = YES;
				CLANG_ANALYZER_NUMBER_OBJECT_CONVERSION = YES_AGGRESSIVE;
				CLANG_CXX_LANGUAGE_STANDARD = "gnu++14";
				CLANG_CXX_LIBRARY = "libc++";
				CLANG_ENABLE_MODULES = YES;
				CLANG_ENABLE_OBJC_ARC = YES;
				CLANG_ENABLE_OBJC_WEAK = YES;
				CLANG_WARN_BLOCK_CAPTURE_AUTORELEASING = YES;
				CLANG_WARN_BOOL_CONVERSION = YES;
				CLANG_WARN_COMMA = YES;
				CLANG_WARN_CONSTANT_CONVERSION = YES;
				CLANG_WARN_DEPRECATED_OBJC_IMPLEMENTATIONS = YES;
				CLANG_WARN_DIRECT_OBJC_ISA_USAGE = YES_ERROR;
				CLANG_WARN_DOCUMENTATION_COMMENTS = YES;
				CLANG_WARN_EMPTY_BODY = YES;
				CLANG_WARN_ENUM_CONVERSION = YES;
				CLANG_WARN_INFINITE_RECURSION = YES;
				CLANG_WARN_INT_CONVERSION = YES;
				CLANG_WARN_NON_LITERAL_NULL_CONVERSION = YES;
				CLANG_WARN_OBJC_IMPLICIT_RETAIN_SELF = YES;
				CLANG_WARN_OBJC_LITERAL_CONVERSION = YES;
				CLANG_WARN_OBJC_ROOT_CLASS = YES_ERROR;
				CLANG_WARN_RANGE_LOOP_ANALYSIS = YES;
				CLANG_WARN_STRICT_PROTOTYPES = YES;
				CLANG_WARN_SUSPICIOUS_MOVE = YES;
				CLANG_WARN_UNGUARDED_AVAILABILITY = YES_AGGRESSIVE;
				CLANG_WARN_UNREACHABLE_CODE = YES;
				CLANG_WARN__DUPLICATE_METHOD_MATCH = YES;
				CODE_SIGN_IDENTITY = "iPhone Developer";
				COPY_PHASE_STRIP = NO;
				DEBUG_INFORMATION_FORMAT = dwarf;
				ENABLE_STRICT_OBJC_MSGSEND = YES;
				ENABLE_TESTABILITY = YES;
				GCC_C_LANGUAGE_STANDARD = gnu11;
				GCC_DYNAMIC_NO_PIC = NO;
				GCC_NO_COMMON_BLOCKS = YES;
				GCC_OPTIMIZATION_LEVEL = 0;
				GCC_PREPROCESSOR_DEFINITIONS = (
					"DEBUG=1",
					"$(inherited)",
				);
				GCC_WARN_64_TO_32_BIT_CONVERSION = YES;
				GCC_WARN_ABOUT_RETURN_TYPE = YES_ERROR;
				GCC_WARN_UNDECLARED_SELECTOR = YES;
				GCC_WARN_UNINITIALIZED_AUTOS = YES_AGGRESSIVE;
				GCC_WARN_UNUSED_FUNCTION = YES;
				GCC_WARN_UNUSED_VARIABLE = YES;
				IPHONEOS_DEPLOYMENT_TARGET = 12.2;
				MTL_ENABLE_DEBUG_INFO = INCLUDE_SOURCE;
				MTL_FAST_MATH = YES;
				ONLY_ACTIVE_ARCH = YES;
				SDKROOT = iphoneos;
				SWIFT_ACTIVE_COMPILATION_CONDITIONS = DEBUG;
				SWIFT_OPTIMIZATION_LEVEL = "-Onone";
			};
			name = Debug;
		};
		D99961452333B7EA0070E494 /* Release */ = {
			isa = XCBuildConfiguration;
			buildSettings = {
				ALWAYS_SEARCH_USER_PATHS = NO;
				CLANG_ANALYZER_NONNULL = YES;
				CLANG_ANALYZER_NUMBER_OBJECT_CONVERSION = YES_AGGRESSIVE;
				CLANG_CXX_LANGUAGE_STANDARD = "gnu++14";
				CLANG_CXX_LIBRARY = "libc++";
				CLANG_ENABLE_MODULES = YES;
				CLANG_ENABLE_OBJC_ARC = YES;
				CLANG_ENABLE_OBJC_WEAK = YES;
				CLANG_WARN_BLOCK_CAPTURE_AUTORELEASING = YES;
				CLANG_WARN_BOOL_CONVERSION = YES;
				CLANG_WARN_COMMA = YES;
				CLANG_WARN_CONSTANT_CONVERSION = YES;
				CLANG_WARN_DEPRECATED_OBJC_IMPLEMENTATIONS = YES;
				CLANG_WARN_DIRECT_OBJC_ISA_USAGE = YES_ERROR;
				CLANG_WARN_DOCUMENTATION_COMMENTS = YES;
				CLANG_WARN_EMPTY_BODY = YES;
				CLANG_WARN_ENUM_CONVERSION = YES;
				CLANG_WARN_INFINITE_RECURSION = YES;
				CLANG_WARN_INT_CONVERSION = YES;
				CLANG_WARN_NON_LITERAL_NULL_CONVERSION = YES;
				CLANG_WARN_OBJC_IMPLICIT_RETAIN_SELF = YES;
				CLANG_WARN_OBJC_LITERAL_CONVERSION = YES;
				CLANG_WARN_OBJC_ROOT_CLASS = YES_ERROR;
				CLANG_WARN_RANGE_LOOP_ANALYSIS = YES;
				CLANG_WARN_STRICT_PROTOTYPES = YES;
				CLANG_WARN_SUSPICIOUS_MOVE = YES;
				CLANG_WARN_UNGUARDED_AVAILABILITY = YES_AGGRESSIVE;
				CLANG_WARN_UNREACHABLE_CODE = YES;
				CLANG_WARN__DUPLICATE_METHOD_MATCH = YES;
				CODE_SIGN_IDENTITY = "iPhone Developer";
				COPY_PHASE_STRIP = NO;
				DEBUG_INFORMATION_FORMAT = "dwarf-with-dsym";
				ENABLE_NS_ASSERTIONS = NO;
				ENABLE_STRICT_OBJC_MSGSEND = YES;
				GCC_C_LANGUAGE_STANDARD = gnu11;
				GCC_NO_COMMON_BLOCKS = YES;
				GCC_WARN_64_TO_32_BIT_CONVERSION = YES;
				GCC_WARN_ABOUT_RETURN_TYPE = YES_ERROR;
				GCC_WARN_UNDECLARED_SELECTOR = YES;
				GCC_WARN_UNINITIALIZED_AUTOS = YES_AGGRESSIVE;
				GCC_WARN_UNUSED_FUNCTION = YES;
				GCC_WARN_UNUSED_VARIABLE = YES;
				IPHONEOS_DEPLOYMENT_TARGET = 12.2;
				MTL_ENABLE_DEBUG_INFO = NO;
				MTL_FAST_MATH = YES;
				SDKROOT = iphoneos;
				SWIFT_COMPILATION_MODE = wholemodule;
				SWIFT_OPTIMIZATION_LEVEL = "-O";
				VALIDATE_PRODUCT = YES;
			};
			name = Release;
		};
		D99961472333B7EA0070E494 /* Debug */ = {
			isa = XCBuildConfiguration;
			baseConfigurationReference = 30B677EE9B8980A21CB1D789 /* Pods-SwiftLint-Example.debug.xcconfig */;
			buildSettings = {
				ALWAYS_EMBED_SWIFT_STANDARD_LIBRARIES = YES;
				ASSETCATALOG_COMPILER_APPICON_NAME = AppIcon;
				CODE_SIGN_IDENTITY = "iPhone Developer";
				CODE_SIGN_STYLE = Automatic;
				DEVELOPMENT_TEAM = 8DVHX5WRRH;
				INFOPLIST_FILE = "SwiftLint-Example/Info.plist";
				IPHONEOS_DEPLOYMENT_TARGET = 11.0;
				LD_RUNPATH_SEARCH_PATHS = (
					"$(inherited)",
					"@executable_path/Frameworks",
					"@loader_path/Frameworks",
				);
				PRODUCT_BUNDLE_IDENTIFIER = com.mustafagunes.swiftlint;
				PRODUCT_NAME = "$(TARGET_NAME)";
				PROVISIONING_PROFILE_SPECIFIER = "";
				SWIFT_VERSION = 5.0;
				TARGETED_DEVICE_FAMILY = "1,2";
			};
			name = Debug;
		};
		D99961482333B7EA0070E494 /* Release */ = {
			isa = XCBuildConfiguration;
			baseConfigurationReference = 69F6C95F3A34ADCCB63173F7 /* Pods-SwiftLint-Example.release.xcconfig */;
			buildSettings = {
				ALWAYS_EMBED_SWIFT_STANDARD_LIBRARIES = YES;
				ASSETCATALOG_COMPILER_APPICON_NAME = AppIcon;
				CODE_SIGN_IDENTITY = "iPhone Developer";
				CODE_SIGN_STYLE = Automatic;
				DEVELOPMENT_TEAM = 8DVHX5WRRH;
				INFOPLIST_FILE = "SwiftLint-Example/Info.plist";
				IPHONEOS_DEPLOYMENT_TARGET = 11.0;
				LD_RUNPATH_SEARCH_PATHS = (
					"$(inherited)",
					"@executable_path/Frameworks",
					"@loader_path/Frameworks",
				);
				PRODUCT_BUNDLE_IDENTIFIER = com.mustafagunes.swiftlint;
				PRODUCT_NAME = "$(TARGET_NAME)";
				PROVISIONING_PROFILE_SPECIFIER = "";
				SWIFT_VERSION = 5.0;
				TARGETED_DEVICE_FAMILY = "1,2";
			};
			name = Release;
		};
/* End XCBuildConfiguration section */

/* Begin XCConfigurationList section */
		D999612F2333B7E90070E494 /* Build configuration list for PBXProject "SwiftLint-Example" */ = {
			isa = XCConfigurationList;
			buildConfigurations = (
				D99961442333B7EA0070E494 /* Debug */,
				D99961452333B7EA0070E494 /* Release */,
			);
			defaultConfigurationIsVisible = 0;
			defaultConfigurationName = Release;
		};
		D99961462333B7EA0070E494 /* Build configuration list for PBXNativeTarget "SwiftLint-Example" */ = {
			isa = XCConfigurationList;
			buildConfigurations = (
				D99961472333B7EA0070E494 /* Debug */,
				D99961482333B7EA0070E494 /* Release */,
			);
			defaultConfigurationIsVisible = 0;
			defaultConfigurationName = Release;
		};
/* End XCConfigurationList section */
	};
	rootObject = D999612C2333B7E90070E494 /* Project object */;
}
